{
  "name": "@junaid1460/crawler",
  "version": "1.0.1",
  "lockfileVersion": 1,
  "requires": true,
  "dependencies": {
    "@types/boom": {
      "version": "7.2.1",
      "resolved": "https://registry.npmjs.org/@types/boom/-/boom-7.2.1.tgz",
      "integrity": "sha512-kOiap+kSa4DPoookJXQGQyKy1rjZ55tgfKAh9F0m1NUdukkcwVzpSnXPMH42a5L+U++ugdQlh/xFJu/WAdr1aw==",
      "dev": true
    },
    "@types/catbox": {
      "version": "10.0.6",
      "resolved": "https://registry.npmjs.org/@types/catbox/-/catbox-10.0.6.tgz",
      "integrity": "sha512-qS0VHlL6eBUUoUeBnI/ASCffoniS62zdV6IUtLSIjGKmRhZNawotaOMsTYivZOTZVktfe9koAJkD9XFac7tEEg==",
      "dev": true
    },
    "@types/hapi": {
      "version": "18.0.2",
      "resolved": "https://registry.npmjs.org/@types/hapi/-/hapi-18.0.2.tgz",
      "integrity": "sha512-I3THPpOY0G0bXNLzyaqUzMIbqPrci21C1Vqlnek348SJq2Gp7TLSnQbwOb+v/xunxCTzY3o2fV3h7uffL3Ln0w==",
      "dev": true,
      "requires": {
        "@types/boom": "*",
        "@types/catbox": "*",
        "@types/iron": "*",
        "@types/joi": "*",
        "@types/mimos": "*",
        "@types/node": "*",
        "@types/podium": "*",
        "@types/shot": "*"
      }
    },
    "@types/iron": {
      "version": "5.0.1",
      "resolved": "https://registry.npmjs.org/@types/iron/-/iron-5.0.1.tgz",
      "integrity": "sha512-Ng5BkVGPt7Tw9k1OJ6qYwuD9+dmnWgActmsnnrdvs4075N8V2go1f6Pz8omG3q5rbHjXN6yzzZDYo3JOgAE/Ug==",
      "dev": true,
      "requires": {
        "@types/node": "*"
      }
    },
    "@types/joi": {
      "version": "14.3.3",
      "resolved": "https://registry.npmjs.org/@types/joi/-/joi-14.3.3.tgz",
      "integrity": "sha512-6gAT/UkIzYb7zZulAbcof3lFxpiD5EI6xBeTvkL1wYN12pnFQ+y/+xl9BvnVgxkmaIDN89xWhGZLD9CvuOtZ9g==",
      "dev": true
    },
    "@types/mime-db": {
      "version": "1.27.0",
      "resolved": "https://registry.npmjs.org/@types/mime-db/-/mime-db-1.27.0.tgz",
      "integrity": "sha1-m8AUof0f30dknBpUxt15ZrgoR5I=",
      "dev": true
    },
    "@types/mimos": {
      "version": "3.0.1",
      "resolved": "https://registry.npmjs.org/@types/mimos/-/mimos-3.0.1.tgz",
      "integrity": "sha512-MATIRH4VMIJki8lcYUZdNQEHuAG7iQ1FWwoLgxV+4fUOly2xZYdhHtGgvQyWiTeJqq2tZbE0nOOgZD6pR0FpNQ==",
      "dev": true,
      "requires": {
        "@types/mime-db": "*"
      }
    },
    "@types/node": {
      "version": "12.0.4",
      "resolved": "https://registry.npmjs.org/@types/node/-/node-12.0.4.tgz",
      "integrity": "sha512-j8YL2C0fXq7IONwl/Ud5Kt0PeXw22zGERt+HSSnwbKOJVsAGkEz3sFCYwaF9IOuoG1HOtE0vKCj6sXF7Q0+Vaw==",
      "dev": true
    },
    "@types/node-fetch": {
      "version": "2.3.7",
      "resolved": "https://registry.npmjs.org/@types/node-fetch/-/node-fetch-2.3.7.tgz",
      "integrity": "sha512-+bKtuxhj/TYSSP1r4CZhfmyA0vm/aDRQNo7vbAgf6/cZajn0SAniGGST07yvI4Q+q169WTa2/x9gEHfJrkcALw==",
      "dev": true,
      "requires": {
        "@types/node": "*"
      }
    },
    "@types/podium": {
      "version": "1.0.0",
      "resolved": "https://registry.npmjs.org/@types/podium/-/podium-1.0.0.tgz",
      "integrity": "sha1-v6ohUb4rHWEJzGn3+qnawsujuyA=",
      "dev": true
    },
    "@types/shot": {
      "version": "4.0.0",
      "resolved": "https://registry.npmjs.org/@types/shot/-/shot-4.0.0.tgz",
      "integrity": "sha512-Xv+n8yfccuicMlwBY58K5PVVNtXRm7uDzcwwmCarBxMP+XxGfnh1BI06YiVAsPbTAzcnYsrzpoS5QHeyV7LS8A==",
      "dev": true,
      "requires": {
        "@types/node": "*"
      }
    },
    "data-uri-to-buffer": {
      "version": "4.0.0",
      "resolved": "https://registry.npmjs.org/data-uri-to-buffer/-/data-uri-to-buffer-4.0.0.tgz",
      "integrity": "sha512-Vr3mLBA8qWmcuschSLAOogKgQ/Jwxulv3RNE4FXnYWRGujzrRWQI4m12fQqRkwX06C0KanhLr4hK+GydchZsaA=="
    },
    "fetch-blob": {
      "version": "3.1.4",
      "resolved": "https://registry.npmjs.org/fetch-blob/-/fetch-blob-3.1.4.tgz",
      "integrity": "sha512-Eq5Xv5+VlSrYWEqKrusxY1C3Hm/hjeAsCGVG3ft7pZahlUAChpGZT/Ms1WmSLnEAisEXszjzu/s+ce6HZB2VHA==",
      "requires": {
        "node-domexception": "^1.0.0",
        "web-streams-polyfill": "^3.0.3"
      }
    },
    "formdata-polyfill": {
      "version": "4.0.10",
      "resolved": "https://registry.npmjs.org/formdata-polyfill/-/formdata-polyfill-4.0.10.tgz",
      "integrity": "sha512-buewHzMvYL29jdeQTVILecSaZKnt/RJWjoZCF5OW60Z67/GmSLBkOFM7qh1PI3zFNtJbaZL5eQu1vLfazOwj4g==",
      "requires": {
        "fetch-blob": "^3.1.2"
      }
    },
    "he": {
      "version": "1.1.1",
      "resolved": "https://registry.npmjs.org/he/-/he-1.1.1.tgz",
      "integrity": "sha1-k0EP0hsAlzUVH4howvJx80J+I/0="
    },
    "node-domexception": {
      "version": "1.0.0",
      "resolved": "https://registry.npmjs.org/node-domexception/-/node-domexception-1.0.0.tgz",
      "integrity": "sha512-/jKZoMpw0F8GRwl4/eLROPA3cfcXtLApP0QzLmUT/HuPCZWyB7IY9ZrMeKw2O/nFIqPQB3PVM9aYm0F312AXDQ=="
    },
    "node-fetch": {
      "version": "3.1.1",
      "resolved": "https://registry.npmjs.org/node-fetch/-/node-fetch-3.1.1.tgz",
      "integrity": "sha512-SMk+vKgU77PYotRdWzqZGTZeuFKlsJ0hu4KPviQKkfY+N3vn2MIzr0rvpnYpR8MtB3IEuhlEcuOLbGvLRlA+yg==",
      "requires": {
        "data-uri-to-buffer": "^4.0.0",
        "fetch-blob": "^3.1.3",
        "formdata-polyfill": "^4.0.10"
      }
    },
    "node-html-parser": {
      "version": "1.1.16",
      "resolved": "https://registry.npmjs.org/node-html-parser/-/node-html-parser-1.1.16.tgz",
      "integrity": "sha512-cfqTZIYDdp5cGh3NvCD5dcEDP7hfyni7WgyFacmDynLlIZaF3GVlRk8yMARhWp/PobWt1KaCV8VKdP5LKWiVbg==",
      "requires": {
        "he": "1.1.1"
      }
    },
    "typescript": {
      "version": "3.4.5",
      "resolved": "https://registry.npmjs.org/typescript/-/typescript-3.4.5.tgz",
      "integrity": "sha512-YycBxUb49UUhdNMU5aJ7z5Ej2XGmaIBL0x34vZ82fn3hGvD+bgrMrVDpatgz2f7YxUMJxMkbWxJZeAvDxVe7Vw==",
      "dev": true
    },
    "web-streams-polyfill": {
      "version": "3.2.0",
      "resolved": "https://registry.npmjs.org/web-streams-polyfill/-/web-streams-polyfill-3.2.0.tgz",
      "integrity": "sha512-EqPmREeOzttaLRm5HS7io98goBgZ7IVz79aDvqjD0kYXLtFZTc0T/U6wHTPKyIjb+MdN7DFIIX6hgdBEpWmfPA=="
    }
  }
}
